
Microsoft Visual Studio Solution File, Format Version 12.00
# Visual Studio Version 16
VisualStudioVersion = 16.0.30523.141
MinimumVisualStudioVersion = 10.0.40219.1
Project("{FAE04EC0-301F-11D3-BF4B-00C04F79EFBC}") = "BikeSaleSystemUI", "BikeSaleSystemUI\BikeSaleSystemUI.csproj", "{91BA393B-C0EF-4B34-B45E-7D45CEA957EA}"
EndProject
Global
	GlobalSection(SolutionConfigurationPlatforms) = preSolution
		Debug|Any CPU = Debug|Any CPU
		Release|Any CPU = Release|Any CPU
	EndGlobalSection
	GlobalSection(ProjectConfigurationPlatforms) = postSolution
		{91BA393B-C0EF-4B34-B45E-7D45CEA957EA}.Debug|Any CPU.ActiveCfg = Debug|Any CPU
		{91BA393B-C0EF-4B34-B45E-7D45CEA957EA}.Debug|Any CPU.Build.0 = Debug|Any CPU
		{91BA393B-C0EF-4B34-B45E-7D45CEA957EA}.Release|Any CPU.ActiveCfg = Release|Any CPU
		{91BA393B-C0EF-4B34-B45E-7D45CEA957EA}.Release|Any CPU.Build.0 = Release|Any CPU
	EndGlobalSection
	GlobalSection(SolutionProperties) = preSolution
		HideSolutionNode = FALSE
	EndGlobalSection
	GlobalSection(ExtensibilityGlobals) = postSolution
		SolutionGuid = {DA58E4DD-884A-48EC-86DB-783F0FF2CC76}
	EndGlobalSection
EndGlobal
